
Microsoft Visual Studio Solution File, Format Version 12.00
# Visual Studio Version 16
VisualStudioVersion = 16.0.31515.178
MinimumVisualStudioVersion = 10.0.40219.1
Project("{FAE04EC0-301F-11D3-BF4B-00C04F79EFBC}") = "Ilk_Mvc_Pojesi", "Ilk_Mvc_Pojesi\Ilk_Mvc_Pojesi.csproj", "{0D96F711-5396-49A9-A23C-DE3A6BAD2556}"
EndProject
Global
	GlobalSection(SolutionConfigurationPlatforms) = preSolution
		Debug|Any CPU = Debug|Any CPU
		Release|Any CPU = Release|Any CPU
	EndGlobalSection
	GlobalSection(ProjectConfigurationPlatforms) = postSolution
		{0D96F711-5396-49A9-A23C-DE3A6BAD2556}.Debug|Any CPU.ActiveCfg = Debug|Any CPU
		{0D96F711-5396-49A9-A23C-DE3A6BAD2556}.Debug|Any CPU.Build.0 = Debug|Any CPU
		{0D96F711-5396-49A9-A23C-DE3A6BAD2556}.Release|Any CPU.ActiveCfg = Release|Any CPU
		{0D96F711-5396-49A9-A23C-DE3A6BAD2556}.Release|Any CPU.Build.0 = Release|Any CPU
	EndGlobalSection
	GlobalSection(SolutionProperties) = preSolution
		HideSolutionNode = FALSE
	EndGlobalSection
	GlobalSection(ExtensibilityGlobals) = postSolution
		SolutionGuid = {A19BC353-8672-4A48-A697-CF8644F393D4}
	EndGlobalSection
EndGlobal
